// !$*UTF8*$!
{
	archiveVersion = 1;
	classes = {
	};
	objectVersion = 56;
	objects = {

/* Begin PBXBuildFile section */
		FD2389E329A524CA0065220E /* UsersCoreDataApp.swift in Sources */ = {isa = PBXBuildFile; fileRef = FD2389E229A524CA0065220E /* UsersCoreDataApp.swift */; };
		FD2389E729A524CC0065220E /* Assets.xcassets in Resources */ = {isa = PBXBuildFile; fileRef = FD2389E629A524CC0065220E /* Assets.xcassets */; };
		FD2389EA29A524CC0065220E /* Preview Assets.xcassets in Resources */ = {isa = PBXBuildFile; fileRef = FD2389E929A524CC0065220E /* Preview Assets.xcassets */; };
		FD2389F629A525840065220E /* AddUserView.swift in Sources */ = {isa = PBXBuildFile; fileRef = FD2389F529A525840065220E /* AddUserView.swift */; };
		FD2389F829A525900065220E /* DetailView.swift in Sources */ = {isa = PBXBuildFile; fileRef = FD2389F729A525900065220E /* DetailView.swift */; };
		FD2389FA29A525AB0065220E /* DashboardView.swift in Sources */ = {isa = PBXBuildFile; fileRef = FD2389F929A525AB0065220E /* DashboardView.swift */; };
		FD2389FE29A525E90065220E /* UserModel.xcdatamodeld in Sources */ = {isa = PBXBuildFile; fileRef = FD2389FC29A525E90065220E /* UserModel.xcdatamodeld */; };
		FD238A0029A525FF0065220E /* CoreDataStack.swift in Sources */ = {isa = PBXBuildFile; fileRef = FD2389FF29A525FF0065220E /* CoreDataStack.swift */; };
		FD238A0229A53AFE0065220E /* UserViewModel.swift in Sources */ = {isa = PBXBuildFile; fileRef = FD238A0129A53AFE0065220E /* UserViewModel.swift */; };
		FD238A2E29A93E0E0065220E /* ImagePicker.swift in Sources */ = {isa = PBXBuildFile; fileRef = FD238A2D29A93E0E0065220E /* ImagePicker.swift */; };
		FD238A3029A9CF6D0065220E /* MyCustomMigrationPolicy.swift in Sources */ = {isa = PBXBuildFile; fileRef = FD238A2F29A9CF6D0065220E /* MyCustomMigrationPolicy.swift */; };
/* End PBXBuildFile section */

/* Begin PBXFileReference section */
		FD2389DF29A524CA0065220E /* UsersCoreData.app */ = {isa = PBXFileReference; explicitFileType = wrapper.application; includeInIndex = 0; path = UsersCoreData.app; sourceTree = BUILT_PRODUCTS_DIR; };
		FD2389E229A524CA0065220E /* UsersCoreDataApp.swift */ = {isa = PBXFileReference; lastKnownFileType = sourcecode.swift; path = UsersCoreDataApp.swift; sourceTree = "<group>"; };
		FD2389E629A524CC0065220E /* Assets.xcassets */ = {isa = PBXFileReference; lastKnownFileType = folder.assetcatalog; path = Assets.xcassets; sourceTree = "<group>"; };
		FD2389E929A524CC0065220E /* Preview Assets.xcassets */ = {isa = PBXFileReference; lastKnownFileType = folder.assetcatalog; path = "Preview Assets.xcassets"; sourceTree = "<group>"; };
		FD2389F529A525840065220E /* AddUserView.swift */ = {isa = PBXFileReference; lastKnownFileType = sourcecode.swift; path = AddUserView.swift; sourceTree = "<group>"; };
		FD2389F729A525900065220E /* DetailView.swift */ = {isa = PBXFileReference; lastKnownFileType = sourcecode.swift; path = DetailView.swift; sourceTree = "<group>"; };
		FD2389F929A525AB0065220E /* DashboardView.swift */ = {isa = PBXFileReference; lastKnownFileType = sourcecode.swift; path = DashboardView.swift; sourceTree = "<group>"; };
		FD2389FD29A525E90065220E /* UserModel.xcdatamodel */ = {isa = PBXFileReference; lastKnownFileType = wrapper.xcdatamodel; path = UserModel.xcdatamodel; sourceTree = "<group>"; };
		FD2389FF29A525FF0065220E /* CoreDataStack.swift */ = {isa = PBXFileReference; lastKnownFileType = sourcecode.swift; path = CoreDataStack.swift; sourceTree = "<group>"; };
		FD238A0129A53AFE0065220E /* UserViewModel.swift */ = {isa = PBXFileReference; lastKnownFileType = sourcecode.swift; path = UserViewModel.swift; sourceTree = "<group>"; };
		FD238A2729A923C70065220E /* UserModel 2.xcdatamodel */ = {isa = PBXFileReference; lastKnownFileType = wrapper.xcdatamodel; path = "UserModel 2.xcdatamodel"; sourceTree = "<group>"; };
		FD238A2A29A92C220065220E /* UserModel 3.xcdatamodel */ = {isa = PBXFileReference; lastKnownFileType = wrapper.xcdatamodel; path = "UserModel 3.xcdatamodel"; sourceTree = "<group>"; };
		FD238A2D29A93E0E0065220E /* ImagePicker.swift */ = {isa = PBXFileReference; lastKnownFileType = sourcecode.swift; path = ImagePicker.swift; sourceTree = "<group>"; };
		FD238A2F29A9CF6D0065220E /* MyCustomMigrationPolicy.swift */ = {isa = PBXFileReference; lastKnownFileType = sourcecode.swift; path = MyCustomMigrationPolicy.swift; sourceTree = "<group>"; };
/* End PBXFileReference section */

/* Begin PBXFrameworksBuildPhase section */
		FD2389DC29A524CA0065220E /* Frameworks */ = {
			isa = PBXFrameworksBuildPhase;
			buildActionMask = 2147483647;
			files = (
			);
			runOnlyForDeploymentPostprocessing = 0;
		};
/* End PBXFrameworksBuildPhase section */

/* Begin PBXGroup section */
		FD2389D629A524CA0065220E = {
			isa = PBXGroup;
			children = (
				FD2389E129A524CA0065220E /* UsersCoreData */,
				FD2389E029A524CA0065220E /* Products */,
			);
			sourceTree = "<group>";
		};
		FD2389E029A524CA0065220E /* Products */ = {
			isa = PBXGroup;
			children = (
				FD2389DF29A524CA0065220E /* UsersCoreData.app */,
			);
			name = Products;
			sourceTree = "<group>";
		};
		FD2389E129A524CA0065220E /* UsersCoreData */ = {
			isa = PBXGroup;
			children = (
				FD2389E229A524CA0065220E /* UsersCoreDataApp.swift */,
				FD2389FB29A525CA0065220E /* DataController */,
				FD2389F429A525430065220E /* Extensions */,
				FD2389F329A5253D0065220E /* Constant */,
				FD2389F229A525270065220E /* Views */,
				FD2389F129A525200065220E /* ViewModel */,
				FD2389F029A525170065220E /* Model */,
				FD2389E629A524CC0065220E /* Assets.xcassets */,
				FD2389E829A524CC0065220E /* Preview Content */,
			);
			path = UsersCoreData;
			sourceTree = "<group>";
		};
		FD2389E829A524CC0065220E /* Preview Content */ = {
			isa = PBXGroup;
			children = (
				FD2389E929A524CC0065220E /* Preview Assets.xcassets */,
			);
			path = "Preview Content";
			sourceTree = "<group>";
		};
		FD2389F029A525170065220E /* Model */ = {
			isa = PBXGroup;
			children = (
				FD2389FC29A525E90065220E /* UserModel.xcdatamodeld */,
			);
			path = Model;
			sourceTree = "<group>";
		};
		FD2389F129A525200065220E /* ViewModel */ = {
			isa = PBXGroup;
			children = (
				FD238A0129A53AFE0065220E /* UserViewModel.swift */,
			);
			path = ViewModel;
			sourceTree = "<group>";
		};
		FD2389F229A525270065220E /* Views */ = {
			isa = PBXGroup;
			children = (
				FD2389F929A525AB0065220E /* DashboardView.swift */,
				FD2389F529A525840065220E /* AddUserView.swift */,
				FD2389F729A525900065220E /* DetailView.swift */,
				FD238A2D29A93E0E0065220E /* ImagePicker.swift */,
			);
			path = Views;
			sourceTree = "<group>";
		};
		FD2389F329A5253D0065220E /* Constant */ = {
			isa = PBXGroup;
			children = (
			);
			path = Constant;
			sourceTree = "<group>";
		};
		FD2389F429A525430065220E /* Extensions */ = {
			isa = PBXGroup;
			children = (
			);
			path = Extensions;
			sourceTree = "<group>";
		};
		FD2389FB29A525CA0065220E /* DataController */ = {
			isa = PBXGroup;
			children = (
				FD2389FF29A525FF0065220E /* CoreDataStack.swift */,
				FD238A2F29A9CF6D0065220E /* MyCustomMigrationPolicy.swift */,
			);
			path = DataController;
			sourceTree = "<group>";
		};
/* End PBXGroup section */

/* Begin PBXNativeTarget section */
		FD2389DE29A524CA0065220E /* UsersCoreData */ = {
			isa = PBXNativeTarget;
			buildConfigurationList = FD2389ED29A524CC0065220E /* Build configuration list for PBXNativeTarget "UsersCoreData" */;
			buildPhases = (
				FD2389DB29A524CA0065220E /* Sources */,
				FD2389DC29A524CA0065220E /* Frameworks */,
				FD2389DD29A524CA0065220E /* Resources */,
			);
			buildRules = (
			);
			dependencies = (
			);
			name = UsersCoreData;
			productName = UsersCoreData;
			productReference = FD2389DF29A524CA0065220E /* UsersCoreData.app */;
			productType = "com.apple.product-type.application";
		};
/* End PBXNativeTarget section */

/* Begin PBXProject section */
		FD2389D729A524CA0065220E /* Project object */ = {
			isa = PBXProject;
			attributes = {
				BuildIndependentTargetsInParallel = 1;
				LastSwiftUpdateCheck = 1420;
				LastUpgradeCheck = 1420;
				TargetAttributes = {
					FD2389DE29A524CA0065220E = {
						CreatedOnToolsVersion = 14.2;
					};
				};
			};
			buildConfigurationList = FD2389DA29A524CA0065220E /* Build configuration list for PBXProject "UsersCoreData" */;
			compatibilityVersion = "Xcode 14.0";
			developmentRegion = en;
			hasScannedForEncodings = 0;
			knownRegions = (
				en,
				Base,
			);
			mainGroup = FD2389D629A524CA0065220E;
			productRefGroup = FD2389E029A524CA0065220E /* Products */;
			projectDirPath = "";
			projectRoot = "";
			targets = (
				FD2389DE29A524CA0065220E /* UsersCoreData */,
			);
		};
/* End PBXProject section */

/* Begin PBXResourcesBuildPhase section */
		FD2389DD29A524CA0065220E /* Resources */ = {
			isa = PBXResourcesBuildPhase;
			buildActionMask = 2147483647;
			files = (
				FD2389EA29A524CC0065220E /* Preview Assets.xcassets in Resources */,
				FD2389E729A524CC0065220E /* Assets.xcassets in Resources */,
			);
			runOnlyForDeploymentPostprocessing = 0;
		};
/* End PBXResourcesBuildPhase section */

/* Begin PBXSourcesBuildPhase section */
		FD2389DB29A524CA0065220E /* Sources */ = {
			isa = PBXSourcesBuildPhase;
			buildActionMask = 2147483647;
			files = (
				FD238A0029A525FF0065220E /* CoreDataStack.swift in Sources */,
				FD2389F829A525900065220E /* DetailView.swift in Sources */,
				FD2389FE29A525E90065220E /* UserModel.xcdatamodeld in Sources */,
				FD2389FA29A525AB0065220E /* DashboardView.swift in Sources */,
				FD2389E329A524CA0065220E /* UsersCoreDataApp.swift in Sources */,
				FD238A3029A9CF6D0065220E /* MyCustomMigrationPolicy.swift in Sources */,
				FD238A2E29A93E0E0065220E /* ImagePicker.swift in Sources */,
				FD2389F629A525840065220E /* AddUserView.swift in Sources */,
				FD238A0229A53AFE0065220E /* UserViewModel.swift in Sources */,
			);
			runOnlyForDeploymentPostprocessing = 0;
		};
/* End PBXSourcesBuildPhase section */

/* Begin XCBuildConfiguration section */
		FD2389EB29A524CC0065220E /* Debug */ = {
			isa = XCBuildConfiguration;
			buildSettings = {
				ALWAYS_SEARCH_USER_PATHS = NO;
				CLANG_ANALYZER_NONNULL = YES;
				CLANG_ANALYZER_NUMBER_OBJECT_CONVERSION = YES_AGGRESSIVE;
				CLANG_CXX_LANGUAGE_STANDARD = "gnu++20";
				CLANG_ENABLE_MODULES = YES;
				CLANG_ENABLE_OBJC_ARC = YES;
				CLANG_ENABLE_OBJC_WEAK = YES;
				CLANG_WARN_BLOCK_CAPTURE_AUTORELEASING = YES;
				CLANG_WARN_BOOL_CONVERSION = YES;
				CLANG_WARN_COMMA = YES;
				CLANG_WARN_CONSTANT_CONVERSION = YES;
				CLANG_WARN_DEPRECATED_OBJC_IMPLEMENTATIONS = YES;
				CLANG_WARN_DIRECT_OBJC_ISA_USAGE = YES_ERROR;
				CLANG_WARN_DOCUMENTATION_COMMENTS = YES;
				CLANG_WARN_EMPTY_BODY = YES;
				CLANG_WARN_ENUM_CONVERSION = YES;
				CLANG_WARN_INFINITE_RECURSION = YES;
				CLANG_WARN_INT_CONVERSION = YES;
				CLANG_WARN_NON_LITERAL_NULL_CONVERSION = YES;
				CLANG_WARN_OBJC_IMPLICIT_RETAIN_SELF = YES;
				CLANG_WARN_OBJC_LITERAL_CONVERSION = YES;
				CLANG_WARN_OBJC_ROOT_CLASS = YES_ERROR;
				CLANG_WARN_QUOTED_INCLUDE_IN_FRAMEWORK_HEADER = YES;
				CLANG_WARN_RANGE_LOOP_ANALYSIS = YES;
				CLANG_WARN_STRICT_PROTOTYPES = YES;
				CLANG_WARN_SUSPICIOUS_MOVE = YES;
				CLANG_WARN_UNGUARDED_AVAILABILITY = YES_AGGRESSIVE;
				CLANG_WARN_UNREACHABLE_CODE = YES;
				CLANG_WARN__DUPLICATE_METHOD_MATCH = YES;
				COPY_PHASE_STRIP = NO;
				DEBUG_INFORMATION_FORMAT = dwarf;
				ENABLE_STRICT_OBJC_MSGSEND = YES;
				ENABLE_TESTABILITY = YES;
				GCC_C_LANGUAGE_STANDARD = gnu11;
				GCC_DYNAMIC_NO_PIC = NO;
				GCC_NO_COMMON_BLOCKS = YES;
				GCC_OPTIMIZATION_LEVEL = 0;
				GCC_PREPROCESSOR_DEFINITIONS = (
					"DEBUG=1",
					"$(inherited)",
				);
				GCC_WARN_64_TO_32_BIT_CONVERSION = YES;
				GCC_WARN_ABOUT_RETURN_TYPE = YES_ERROR;
				GCC_WARN_UNDECLARED_SELECTOR = YES;
				GCC_WARN_UNINITIALIZED_AUTOS = YES_AGGRESSIVE;
				GCC_WARN_UNUSED_FUNCTION = YES;
				GCC_WARN_UNUSED_VARIABLE = YES;
				IPHONEOS_DEPLOYMENT_TARGET = 16.2;
				MTL_ENABLE_DEBUG_INFO = INCLUDE_SOURCE;
				MTL_FAST_MATH = YES;
				ONLY_ACTIVE_ARCH = YES;
				SDKROOT = iphoneos;
				SWIFT_ACTIVE_COMPILATION_CONDITIONS = DEBUG;
				SWIFT_OPTIMIZATION_LEVEL = "-Onone";
			};
			name = Debug;
		};
		FD2389EC29A524CC0065220E /* Release */ = {
			isa = XCBuildConfiguration;
			buildSettings = {
				ALWAYS_SEARCH_USER_PATHS = NO;
				CLANG_ANALYZER_NONNULL = YES;
				CLANG_ANALYZER_NUMBER_OBJECT_CONVERSION = YES_AGGRESSIVE;
				CLANG_CXX_LANGUAGE_STANDARD = "gnu++20";
				CLANG_ENABLE_MODULES = YES;
				CLANG_ENABLE_OBJC_ARC = YES;
				CLANG_ENABLE_OBJC_WEAK = YES;
				CLANG_WARN_BLOCK_CAPTURE_AUTORELEASING = YES;
				CLANG_WARN_BOOL_CONVERSION = YES;
				CLANG_WARN_COMMA = YES;
				CLANG_WARN_CONSTANT_CONVERSION = YES;
				CLANG_WARN_DEPRECATED_OBJC_IMPLEMENTATIONS = YES;
				CLANG_WARN_DIRECT_OBJC_ISA_USAGE = YES_ERROR;
				CLANG_WARN_DOCUMENTATION_COMMENTS = YES;
				CLANG_WARN_EMPTY_BODY = YES;
				CLANG_WARN_ENUM_CONVERSION = YES;
				CLANG_WARN_INFINITE_RECURSION = YES;
				CLANG_WARN_INT_CONVERSION = YES;
				CLANG_WARN_NON_LITERAL_NULL_CONVERSION = YES;
				CLANG_WARN_OBJC_IMPLICIT_RETAIN_SELF = YES;
				CLANG_WARN_OBJC_LITERAL_CONVERSION = YES;
				CLANG_WARN_OBJC_ROOT_CLASS = YES_ERROR;
				CLANG_WARN_QUOTED_INCLUDE_IN_FRAMEWORK_HEADER = YES;
				CLANG_WARN_RANGE_LOOP_ANALYSIS = YES;
				CLANG_WARN_STRICT_PROTOTYPES = YES;
				CLANG_WARN_SUSPICIOUS_MOVE = YES;
				CLANG_WARN_UNGUARDED_AVAILABILITY = YES_AGGRESSIVE;
				CLANG_WARN_UNREACHABLE_CODE = YES;
				CLANG_WARN__DUPLICATE_METHOD_MATCH = YES;
				COPY_PHASE_STRIP = NO;
				DEBUG_INFORMATION_FORMAT = "dwarf-with-dsym";
				ENABLE_NS_ASSERTIONS = NO;
				ENABLE_STRICT_OBJC_MSGSEND = YES;
				GCC_C_LANGUAGE_STANDARD = gnu11;
				GCC_NO_COMMON_BLOCKS = YES;
				GCC_WARN_64_TO_32_BIT_CONVERSION = YES;
				GCC_WARN_ABOUT_RETURN_TYPE = YES_ERROR;
				GCC_WARN_UNDECLARED_SELECTOR = YES;
				GCC_WARN_UNINITIALIZED_AUTOS = YES_AGGRESSIVE;
				GCC_WARN_UNUSED_FUNCTION = YES;
				GCC_WARN_UNUSED_VARIABLE = YES;
				IPHONEOS_DEPLOYMENT_TARGET = 16.2;
				MTL_ENABLE_DEBUG_INFO = NO;
				MTL_FAST_MATH = YES;
				SDKROOT = iphoneos;
				SWIFT_COMPILATION_MODE = wholemodule;
				SWIFT_OPTIMIZATION_LEVEL = "-O";
				VALIDATE_PRODUCT = YES;
			};
			name = Release;
		};
		FD2389EE29A524CC0065220E /* Debug */ = {
			isa = XCBuildConfiguration;
			buildSettings = {
				ASSETCATALOG_COMPILER_APPICON_NAME = AppIcon;
				ASSETCATALOG_COMPILER_GLOBAL_ACCENT_COLOR_NAME = AccentColor;
				CODE_SIGN_STYLE = Automatic;
				CURRENT_PROJECT_VERSION = 1;
				DEVELOPMENT_ASSET_PATHS = "\"UsersCoreData/Preview Content\"";
				DEVELOPMENT_TEAM = 8F2485T5AY;
				ENABLE_PREVIEWS = YES;
				GENERATE_INFOPLIST_FILE = YES;
				INFOPLIST_KEY_UIApplicationSceneManifest_Generation = YES;
				INFOPLIST_KEY_UIApplicationSupportsIndirectInputEvents = YES;
				INFOPLIST_KEY_UILaunchScreen_Generation = YES;
				INFOPLIST_KEY_UISupportedInterfaceOrientations_iPad = "UIInterfaceOrientationPortrait UIInterfaceOrientationPortraitUpsideDown UIInterfaceOrientationLandscapeLeft UIInterfaceOrientationLandscapeRight";
				INFOPLIST_KEY_UISupportedInterfaceOrientations_iPhone = "UIInterfaceOrientationPortrait UIInterfaceOrientationLandscapeLeft UIInterfaceOrientationLandscapeRight";
				LD_RUNPATH_SEARCH_PATHS = (
					"$(inherited)",
					"@executable_path/Frameworks",
				);
				MARKETING_VERSION = 1.0;
				PRODUCT_BUNDLE_IDENTIFIER = code.with.hanh.UsersCoreData;
				PRODUCT_NAME = "$(TARGET_NAME)";
				SWIFT_EMIT_LOC_STRINGS = YES;
				SWIFT_VERSION = 5.0;
				TARGETED_DEVICE_FAMILY = "1,2";
			};
			name = Debug;
		};
		FD2389EF29A524CC0065220E /* Release */ = {
			isa = XCBuildConfiguration;
			buildSettings = {
				ASSETCATALOG_COMPILER_APPICON_NAME = AppIcon;
				ASSETCATALOG_COMPILER_GLOBAL_ACCENT_COLOR_NAME = AccentColor;
				CODE_SIGN_STYLE = Automatic;
				CURRENT_PROJECT_VERSION = 1;
				DEVELOPMENT_ASSET_PATHS = "\"UsersCoreData/Preview Content\"";
				DEVELOPMENT_TEAM = 8F2485T5AY;
				ENABLE_PREVIEWS = YES;
				GENERATE_INFOPLIST_FILE = YES;
				INFOPLIST_KEY_UIApplicationSceneManifest_Generation = YES;
				INFOPLIST_KEY_UIApplicationSupportsIndirectInputEvents = YES;
				INFOPLIST_KEY_UILaunchScreen_Generation = YES;
				INFOPLIST_KEY_UISupportedInterfaceOrientations_iPad = "UIInterfaceOrientationPortrait UIInterfaceOrientationPortraitUpsideDown UIInterfaceOrientationLandscapeLeft UIInterfaceOrientationLandscapeRight";
				INFOPLIST_KEY_UISupportedInterfaceOrientations_iPhone = "UIInterfaceOrientationPortrait UIInterfaceOrientationLandscapeLeft UIInterfaceOrientationLandscapeRight";
				LD_RUNPATH_SEARCH_PATHS = (
					"$(inherited)",
					"@executable_path/Frameworks",
				);
				MARKETING_VERSION = 1.0;
				PRODUCT_BUNDLE_IDENTIFIER = code.with.hanh.UsersCoreData;
				PRODUCT_NAME = "$(TARGET_NAME)";
				SWIFT_EMIT_LOC_STRINGS = YES;
				SWIFT_VERSION = 5.0;
				TARGETED_DEVICE_FAMILY = "1,2";
			};
			name = Release;
		};
/* End XCBuildConfiguration section */

/* Begin XCConfigurationList section */
		FD2389DA29A524CA0065220E /* Build configuration list for PBXProject "UsersCoreData" */ = {
			isa = XCConfigurationList;
			buildConfigurations = (
				FD2389EB29A524CC0065220E /* Debug */,
				FD2389EC29A524CC0065220E /* Release */,
			);
			defaultConfigurationIsVisible = 0;
			defaultConfigurationName = Release;
		};
		FD2389ED29A524CC0065220E /* Build configuration list for PBXNativeTarget "UsersCoreData" */ = {
			isa = XCConfigurationList;
			buildConfigurations = (
				FD2389EE29A524CC0065220E /* Debug */,
				FD2389EF29A524CC0065220E /* Release */,
			);
			defaultConfigurationIsVisible = 0;
			defaultConfigurationName = Release;
		};
/* End XCConfigurationList section */

/* Begin XCVersionGroup section */
		FD2389FC29A525E90065220E /* UserModel.xcdatamodeld */ = {
			isa = XCVersionGroup;
			children = (
				FD238A2A29A92C220065220E /* UserModel 3.xcdatamodel */,
				FD238A2729A923C70065220E /* UserModel 2.xcdatamodel */,
				FD2389FD29A525E90065220E /* UserModel.xcdatamodel */,
			);
			currentVersion = FD2389FD29A525E90065220E /* UserModel.xcdatamodel */;
			path = UserModel.xcdatamodeld;
			sourceTree = "<group>";
			versionGroupType = wrapper.xcdatamodel;
		};
/* End XCVersionGroup section */
	};
	rootObject = FD2389D729A524CA0065220E /* Project object */;
}
