// !$*UTF8*$!
{
	archiveVersion = 1;
	classes = {
	};
	objectVersion = 56;
	objects = {

/* Begin PBXBuildFile section */
		FDD0FD8D297B30C60062328A /* PhotoManiaApp.swift in Sources */ = {isa = PBXBuildFile; fileRef = FDD0FD8C297B30C60062328A /* PhotoManiaApp.swift */; };
		FDD0FD8F297B30C60062328A /* ContentView.swift in Sources */ = {isa = PBXBuildFile; fileRef = FDD0FD8E297B30C60062328A /* ContentView.swift */; };
		FDD0FD91297B30C80062328A /* Assets.xcassets in Resources */ = {isa = PBXBuildFile; fileRef = FDD0FD90297B30C80062328A /* Assets.xcassets */; };
		FDD0FD94297B30C80062328A /* Preview Assets.xcassets in Resources */ = {isa = PBXBuildFile; fileRef = FDD0FD93297B30C80062328A /* Preview Assets.xcassets */; };
		FDD0FD9E297B30C80062328A /* PhotoManiaTests.swift in Sources */ = {isa = PBXBuildFile; fileRef = FDD0FD9D297B30C80062328A /* PhotoManiaTests.swift */; };
		FDD0FDA8297B30C80062328A /* PhotoManiaUITests.swift in Sources */ = {isa = PBXBuildFile; fileRef = FDD0FDA7297B30C80062328A /* PhotoManiaUITests.swift */; };
		FDD0FDAA297B30C80062328A /* PhotoManiaUITestsLaunchTests.swift in Sources */ = {isa = PBXBuildFile; fileRef = FDD0FDA9297B30C80062328A /* PhotoManiaUITestsLaunchTests.swift */; };
/* End PBXBuildFile section */

/* Begin PBXContainerItemProxy section */
		FDD0FD9A297B30C80062328A /* PBXContainerItemProxy */ = {
			isa = PBXContainerItemProxy;
			containerPortal = FDD0FD81297B30C60062328A /* Project object */;
			proxyType = 1;
			remoteGlobalIDString = FDD0FD88297B30C60062328A;
			remoteInfo = PhotoMania;
		};
		FDD0FDA4297B30C80062328A /* PBXContainerItemProxy */ = {
			isa = PBXContainerItemProxy;
			containerPortal = FDD0FD81297B30C60062328A /* Project object */;
			proxyType = 1;
			remoteGlobalIDString = FDD0FD88297B30C60062328A;
			remoteInfo = PhotoMania;
		};
/* End PBXContainerItemProxy section */

/* Begin PBXFileReference section */
		FDD0FD89297B30C60062328A /* PhotoMania.app */ = {isa = PBXFileReference; explicitFileType = wrapper.application; includeInIndex = 0; path = PhotoMania.app; sourceTree = BUILT_PRODUCTS_DIR; };
		FDD0FD8C297B30C60062328A /* PhotoManiaApp.swift */ = {isa = PBXFileReference; lastKnownFileType = sourcecode.swift; path = PhotoManiaApp.swift; sourceTree = "<group>"; };
		FDD0FD8E297B30C60062328A /* ContentView.swift */ = {isa = PBXFileReference; lastKnownFileType = sourcecode.swift; path = ContentView.swift; sourceTree = "<group>"; };
		FDD0FD90297B30C80062328A /* Assets.xcassets */ = {isa = PBXFileReference; lastKnownFileType = folder.assetcatalog; path = Assets.xcassets; sourceTree = "<group>"; };
		FDD0FD93297B30C80062328A /* Preview Assets.xcassets */ = {isa = PBXFileReference; lastKnownFileType = folder.assetcatalog; path = "Preview Assets.xcassets"; sourceTree = "<group>"; };
		FDD0FD99297B30C80062328A /* PhotoManiaTests.xctest */ = {isa = PBXFileReference; explicitFileType = wrapper.cfbundle; includeInIndex = 0; path = PhotoManiaTests.xctest; sourceTree = BUILT_PRODUCTS_DIR; };
		FDD0FD9D297B30C80062328A /* PhotoManiaTests.swift */ = {isa = PBXFileReference; lastKnownFileType = sourcecode.swift; path = PhotoManiaTests.swift; sourceTree = "<group>"; };
		FDD0FDA3297B30C80062328A /* PhotoManiaUITests.xctest */ = {isa = PBXFileReference; explicitFileType = wrapper.cfbundle; includeInIndex = 0; path = PhotoManiaUITests.xctest; sourceTree = BUILT_PRODUCTS_DIR; };
		FDD0FDA7297B30C80062328A /* PhotoManiaUITests.swift */ = {isa = PBXFileReference; lastKnownFileType = sourcecode.swift; path = PhotoManiaUITests.swift; sourceTree = "<group>"; };
		FDD0FDA9297B30C80062328A /* PhotoManiaUITestsLaunchTests.swift */ = {isa = PBXFileReference; lastKnownFileType = sourcecode.swift; path = PhotoManiaUITestsLaunchTests.swift; sourceTree = "<group>"; };
/* End PBXFileReference section */

/* Begin PBXFrameworksBuildPhase section */
		FDD0FD86297B30C60062328A /* Frameworks */ = {
			isa = PBXFrameworksBuildPhase;
			buildActionMask = 2147483647;
			files = (
			);
			runOnlyForDeploymentPostprocessing = 0;
		};
		FDD0FD96297B30C80062328A /* Frameworks */ = {
			isa = PBXFrameworksBuildPhase;
			buildActionMask = 2147483647;
			files = (
			);
			runOnlyForDeploymentPostprocessing = 0;
		};
		FDD0FDA0297B30C80062328A /* Frameworks */ = {
			isa = PBXFrameworksBuildPhase;
			buildActionMask = 2147483647;
			files = (
			);
			runOnlyForDeploymentPostprocessing = 0;
		};
/* End PBXFrameworksBuildPhase section */

/* Begin PBXGroup section */
		FDD0FD80297B30C60062328A = {
			isa = PBXGroup;
			children = (
				FDD0FD8B297B30C60062328A /* PhotoMania */,
				FDD0FD9C297B30C80062328A /* PhotoManiaTests */,
				FDD0FDA6297B30C80062328A /* PhotoManiaUITests */,
				FDD0FD8A297B30C60062328A /* Products */,
			);
			sourceTree = "<group>";
		};
		FDD0FD8A297B30C60062328A /* Products */ = {
			isa = PBXGroup;
			children = (
				FDD0FD89297B30C60062328A /* PhotoMania.app */,
				FDD0FD99297B30C80062328A /* PhotoManiaTests.xctest */,
				FDD0FDA3297B30C80062328A /* PhotoManiaUITests.xctest */,
			);
			name = Products;
			sourceTree = "<group>";
		};
		FDD0FD8B297B30C60062328A /* PhotoMania */ = {
			isa = PBXGroup;
			children = (
				FDD0FD8C297B30C60062328A /* PhotoManiaApp.swift */,
				FDD0FD8E297B30C60062328A /* ContentView.swift */,
				FDD0FD90297B30C80062328A /* Assets.xcassets */,
				FDD0FD92297B30C80062328A /* Preview Content */,
			);
			path = PhotoMania;
			sourceTree = "<group>";
		};
		FDD0FD92297B30C80062328A /* Preview Content */ = {
			isa = PBXGroup;
			children = (
				FDD0FD93297B30C80062328A /* Preview Assets.xcassets */,
			);
			path = "Preview Content";
			sourceTree = "<group>";
		};
		FDD0FD9C297B30C80062328A /* PhotoManiaTests */ = {
			isa = PBXGroup;
			children = (
				FDD0FD9D297B30C80062328A /* PhotoManiaTests.swift */,
			);
			path = PhotoManiaTests;
			sourceTree = "<group>";
		};
		FDD0FDA6297B30C80062328A /* PhotoManiaUITests */ = {
			isa = PBXGroup;
			children = (
				FDD0FDA7297B30C80062328A /* PhotoManiaUITests.swift */,
				FDD0FDA9297B30C80062328A /* PhotoManiaUITestsLaunchTests.swift */,
			);
			path = PhotoManiaUITests;
			sourceTree = "<group>";
		};
/* End PBXGroup section */

/* Begin PBXNativeTarget section */
		FDD0FD88297B30C60062328A /* PhotoMania */ = {
			isa = PBXNativeTarget;
			buildConfigurationList = FDD0FDAD297B30C80062328A /* Build configuration list for PBXNativeTarget "PhotoMania" */;
			buildPhases = (
				FDD0FD85297B30C60062328A /* Sources */,
				FDD0FD86297B30C60062328A /* Frameworks */,
				FDD0FD87297B30C60062328A /* Resources */,
			);
			buildRules = (
			);
			dependencies = (
			);
			name = PhotoMania;
			productName = PhotoMania;
			productReference = FDD0FD89297B30C60062328A /* PhotoMania.app */;
			productType = "com.apple.product-type.application";
		};
		FDD0FD98297B30C80062328A /* PhotoManiaTests */ = {
			isa = PBXNativeTarget;
			buildConfigurationList = FDD0FDB0297B30C80062328A /* Build configuration list for PBXNativeTarget "PhotoManiaTests" */;
			buildPhases = (
				FDD0FD95297B30C80062328A /* Sources */,
				FDD0FD96297B30C80062328A /* Frameworks */,
				FDD0FD97297B30C80062328A /* Resources */,
			);
			buildRules = (
			);
			dependencies = (
				FDD0FD9B297B30C80062328A /* PBXTargetDependency */,
			);
			name = PhotoManiaTests;
			productName = PhotoManiaTests;
			productReference = FDD0FD99297B30C80062328A /* PhotoManiaTests.xctest */;
			productType = "com.apple.product-type.bundle.unit-test";
		};
		FDD0FDA2297B30C80062328A /* PhotoManiaUITests */ = {
			isa = PBXNativeTarget;
			buildConfigurationList = FDD0FDB3297B30C80062328A /* Build configuration list for PBXNativeTarget "PhotoManiaUITests" */;
			buildPhases = (
				FDD0FD9F297B30C80062328A /* Sources */,
				FDD0FDA0297B30C80062328A /* Frameworks */,
				FDD0FDA1297B30C80062328A /* Resources */,
			);
			buildRules = (
			);
			dependencies = (
				FDD0FDA5297B30C80062328A /* PBXTargetDependency */,
			);
			name = PhotoManiaUITests;
			productName = PhotoManiaUITests;
			productReference = FDD0FDA3297B30C80062328A /* PhotoManiaUITests.xctest */;
			productType = "com.apple.product-type.bundle.ui-testing";
		};
/* End PBXNativeTarget section */

/* Begin PBXProject section */
		FDD0FD81297B30C60062328A /* Project object */ = {
			isa = PBXProject;
			attributes = {
				BuildIndependentTargetsInParallel = 1;
				LastSwiftUpdateCheck = 1420;
				LastUpgradeCheck = 1420;
				TargetAttributes = {
					FDD0FD88297B30C60062328A = {
						CreatedOnToolsVersion = 14.2;
					};
					FDD0FD98297B30C80062328A = {
						CreatedOnToolsVersion = 14.2;
						TestTargetID = FDD0FD88297B30C60062328A;
					};
					FDD0FDA2297B30C80062328A = {
						CreatedOnToolsVersion = 14.2;
						TestTargetID = FDD0FD88297B30C60062328A;
					};
				};
			};
			buildConfigurationList = FDD0FD84297B30C60062328A /* Build configuration list for PBXProject "PhotoMania" */;
			compatibilityVersion = "Xcode 14.0";
			developmentRegion = en;
			hasScannedForEncodings = 0;
			knownRegions = (
				en,
				Base,
			);
			mainGroup = FDD0FD80297B30C60062328A;
			productRefGroup = FDD0FD8A297B30C60062328A /* Products */;
			projectDirPath = "";
			projectRoot = "";
			targets = (
				FDD0FD88297B30C60062328A /* PhotoMania */,
				FDD0FD98297B30C80062328A /* PhotoManiaTests */,
				FDD0FDA2297B30C80062328A /* PhotoManiaUITests */,
			);
		};
/* End PBXProject section */

/* Begin PBXResourcesBuildPhase section */
		FDD0FD87297B30C60062328A /* Resources */ = {
			isa = PBXResourcesBuildPhase;
			buildActionMask = 2147483647;
			files = (
				FDD0FD94297B30C80062328A /* Preview Assets.xcassets in Resources */,
				FDD0FD91297B30C80062328A /* Assets.xcassets in Resources */,
			);
			runOnlyForDeploymentPostprocessing = 0;
		};
		FDD0FD97297B30C80062328A /* Resources */ = {
			isa = PBXResourcesBuildPhase;
			buildActionMask = 2147483647;
			files = (
			);
			runOnlyForDeploymentPostprocessing = 0;
		};
		FDD0FDA1297B30C80062328A /* Resources */ = {
			isa = PBXResourcesBuildPhase;
			buildActionMask = 2147483647;
			files = (
			);
			runOnlyForDeploymentPostprocessing = 0;
		};
/* End PBXResourcesBuildPhase section */

/* Begin PBXSourcesBuildPhase section */
		FDD0FD85297B30C60062328A /* Sources */ = {
			isa = PBXSourcesBuildPhase;
			buildActionMask = 2147483647;
			files = (
				FDD0FD8F297B30C60062328A /* ContentView.swift in Sources */,
				FDD0FD8D297B30C60062328A /* PhotoManiaApp.swift in Sources */,
			);
			runOnlyForDeploymentPostprocessing = 0;
		};
		FDD0FD95297B30C80062328A /* Sources */ = {
			isa = PBXSourcesBuildPhase;
			buildActionMask = 2147483647;
			files = (
				FDD0FD9E297B30C80062328A /* PhotoManiaTests.swift in Sources */,
			);
			runOnlyForDeploymentPostprocessing = 0;
		};
		FDD0FD9F297B30C80062328A /* Sources */ = {
			isa = PBXSourcesBuildPhase;
			buildActionMask = 2147483647;
			files = (
				FDD0FDAA297B30C80062328A /* PhotoManiaUITestsLaunchTests.swift in Sources */,
				FDD0FDA8297B30C80062328A /* PhotoManiaUITests.swift in Sources */,
			);
			runOnlyForDeploymentPostprocessing = 0;
		};
/* End PBXSourcesBuildPhase section */

/* Begin PBXTargetDependency section */
		FDD0FD9B297B30C80062328A /* PBXTargetDependency */ = {
			isa = PBXTargetDependency;
			target = FDD0FD88297B30C60062328A /* PhotoMania */;
			targetProxy = FDD0FD9A297B30C80062328A /* PBXContainerItemProxy */;
		};
		FDD0FDA5297B30C80062328A /* PBXTargetDependency */ = {
			isa = PBXTargetDependency;
			target = FDD0FD88297B30C60062328A /* PhotoMania */;
			targetProxy = FDD0FDA4297B30C80062328A /* PBXContainerItemProxy */;
		};
/* End PBXTargetDependency section */

/* Begin XCBuildConfiguration section */
		FDD0FDAB297B30C80062328A /* Debug */ = {
			isa = XCBuildConfiguration;
			buildSettings = {
				ALWAYS_SEARCH_USER_PATHS = NO;
				CLANG_ANALYZER_NONNULL = YES;
				CLANG_ANALYZER_NUMBER_OBJECT_CONVERSION = YES_AGGRESSIVE;
				CLANG_CXX_LANGUAGE_STANDARD = "gnu++20";
				CLANG_ENABLE_MODULES = YES;
				CLANG_ENABLE_OBJC_ARC = YES;
				CLANG_ENABLE_OBJC_WEAK = YES;
				CLANG_WARN_BLOCK_CAPTURE_AUTORELEASING = YES;
				CLANG_WARN_BOOL_CONVERSION = YES;
				CLANG_WARN_COMMA = YES;
				CLANG_WARN_CONSTANT_CONVERSION = YES;
				CLANG_WARN_DEPRECATED_OBJC_IMPLEMENTATIONS = YES;
				CLANG_WARN_DIRECT_OBJC_ISA_USAGE = YES_ERROR;
				CLANG_WARN_DOCUMENTATION_COMMENTS = YES;
				CLANG_WARN_EMPTY_BODY = YES;
				CLANG_WARN_ENUM_CONVERSION = YES;
				CLANG_WARN_INFINITE_RECURSION = YES;
				CLANG_WARN_INT_CONVERSION = YES;
				CLANG_WARN_NON_LITERAL_NULL_CONVERSION = YES;
				CLANG_WARN_OBJC_IMPLICIT_RETAIN_SELF = YES;
				CLANG_WARN_OBJC_LITERAL_CONVERSION = YES;
				CLANG_WARN_OBJC_ROOT_CLASS = YES_ERROR;
				CLANG_WARN_QUOTED_INCLUDE_IN_FRAMEWORK_HEADER = YES;
				CLANG_WARN_RANGE_LOOP_ANALYSIS = YES;
				CLANG_WARN_STRICT_PROTOTYPES = YES;
				CLANG_WARN_SUSPICIOUS_MOVE = YES;
				CLANG_WARN_UNGUARDED_AVAILABILITY = YES_AGGRESSIVE;
				CLANG_WARN_UNREACHABLE_CODE = YES;
				CLANG_WARN__DUPLICATE_METHOD_MATCH = YES;
				COPY_PHASE_STRIP = NO;
				DEBUG_INFORMATION_FORMAT = dwarf;
				ENABLE_STRICT_OBJC_MSGSEND = YES;
				ENABLE_TESTABILITY = YES;
				GCC_C_LANGUAGE_STANDARD = gnu11;
				GCC_DYNAMIC_NO_PIC = NO;
				GCC_NO_COMMON_BLOCKS = YES;
				GCC_OPTIMIZATION_LEVEL = 0;
				GCC_PREPROCESSOR_DEFINITIONS = (
					"DEBUG=1",
					"$(inherited)",
				);
				GCC_WARN_64_TO_32_BIT_CONVERSION = YES;
				GCC_WARN_ABOUT_RETURN_TYPE = YES_ERROR;
				GCC_WARN_UNDECLARED_SELECTOR = YES;
				GCC_WARN_UNINITIALIZED_AUTOS = YES_AGGRESSIVE;
				GCC_WARN_UNUSED_FUNCTION = YES;
				GCC_WARN_UNUSED_VARIABLE = YES;
				IPHONEOS_DEPLOYMENT_TARGET = 16.2;
				MTL_ENABLE_DEBUG_INFO = INCLUDE_SOURCE;
				MTL_FAST_MATH = YES;
				ONLY_ACTIVE_ARCH = YES;
				SDKROOT = iphoneos;
				SWIFT_ACTIVE_COMPILATION_CONDITIONS = DEBUG;
				SWIFT_OPTIMIZATION_LEVEL = "-Onone";
			};
			name = Debug;
		};
		FDD0FDAC297B30C80062328A /* Release */ = {
			isa = XCBuildConfiguration;
			buildSettings = {
				ALWAYS_SEARCH_USER_PATHS = NO;
				CLANG_ANALYZER_NONNULL = YES;
				CLANG_ANALYZER_NUMBER_OBJECT_CONVERSION = YES_AGGRESSIVE;
				CLANG_CXX_LANGUAGE_STANDARD = "gnu++20";
				CLANG_ENABLE_MODULES = YES;
				CLANG_ENABLE_OBJC_ARC = YES;
				CLANG_ENABLE_OBJC_WEAK = YES;
				CLANG_WARN_BLOCK_CAPTURE_AUTORELEASING = YES;
				CLANG_WARN_BOOL_CONVERSION = YES;
				CLANG_WARN_COMMA = YES;
				CLANG_WARN_CONSTANT_CONVERSION = YES;
				CLANG_WARN_DEPRECATED_OBJC_IMPLEMENTATIONS = YES;
				CLANG_WARN_DIRECT_OBJC_ISA_USAGE = YES_ERROR;
				CLANG_WARN_DOCUMENTATION_COMMENTS = YES;
				CLANG_WARN_EMPTY_BODY = YES;
				CLANG_WARN_ENUM_CONVERSION = YES;
				CLANG_WARN_INFINITE_RECURSION = YES;
				CLANG_WARN_INT_CONVERSION = YES;
				CLANG_WARN_NON_LITERAL_NULL_CONVERSION = YES;
				CLANG_WARN_OBJC_IMPLICIT_RETAIN_SELF = YES;
				CLANG_WARN_OBJC_LITERAL_CONVERSION = YES;
				CLANG_WARN_OBJC_ROOT_CLASS = YES_ERROR;
				CLANG_WARN_QUOTED_INCLUDE_IN_FRAMEWORK_HEADER = YES;
				CLANG_WARN_RANGE_LOOP_ANALYSIS = YES;
				CLANG_WARN_STRICT_PROTOTYPES = YES;
				CLANG_WARN_SUSPICIOUS_MOVE = YES;
				CLANG_WARN_UNGUARDED_AVAILABILITY = YES_AGGRESSIVE;
				CLANG_WARN_UNREACHABLE_CODE = YES;
				CLANG_WARN__DUPLICATE_METHOD_MATCH = YES;
				COPY_PHASE_STRIP = NO;
				DEBUG_INFORMATION_FORMAT = "dwarf-with-dsym";
				ENABLE_NS_ASSERTIONS = NO;
				ENABLE_STRICT_OBJC_MSGSEND = YES;
				GCC_C_LANGUAGE_STANDARD = gnu11;
				GCC_NO_COMMON_BLOCKS = YES;
				GCC_WARN_64_TO_32_BIT_CONVERSION = YES;
				GCC_WARN_ABOUT_RETURN_TYPE = YES_ERROR;
				GCC_WARN_UNDECLARED_SELECTOR = YES;
				GCC_WARN_UNINITIALIZED_AUTOS = YES_AGGRESSIVE;
				GCC_WARN_UNUSED_FUNCTION = YES;
				GCC_WARN_UNUSED_VARIABLE = YES;
				IPHONEOS_DEPLOYMENT_TARGET = 16.2;
				MTL_ENABLE_DEBUG_INFO = NO;
				MTL_FAST_MATH = YES;
				SDKROOT = iphoneos;
				SWIFT_COMPILATION_MODE = wholemodule;
				SWIFT_OPTIMIZATION_LEVEL = "-O";
				VALIDATE_PRODUCT = YES;
			};
			name = Release;
		};
		FDD0FDAE297B30C80062328A /* Debug */ = {
			isa = XCBuildConfiguration;
			buildSettings = {
				ASSETCATALOG_COMPILER_APPICON_NAME = AppIcon;
				ASSETCATALOG_COMPILER_GLOBAL_ACCENT_COLOR_NAME = AccentColor;
				CODE_SIGN_STYLE = Automatic;
				CURRENT_PROJECT_VERSION = 1;
				DEVELOPMENT_ASSET_PATHS = "\"PhotoMania/Preview Content\"";
				DEVELOPMENT_TEAM = 8F2485T5AY;
				ENABLE_PREVIEWS = YES;
				GENERATE_INFOPLIST_FILE = YES;
				INFOPLIST_KEY_UIApplicationSceneManifest_Generation = YES;
				INFOPLIST_KEY_UIApplicationSupportsIndirectInputEvents = YES;
				INFOPLIST_KEY_UILaunchScreen_Generation = YES;
				INFOPLIST_KEY_UISupportedInterfaceOrientations_iPad = "UIInterfaceOrientationPortrait UIInterfaceOrientationPortraitUpsideDown UIInterfaceOrientationLandscapeLeft UIInterfaceOrientationLandscapeRight";
				INFOPLIST_KEY_UISupportedInterfaceOrientations_iPhone = "UIInterfaceOrientationPortrait UIInterfaceOrientationLandscapeLeft UIInterfaceOrientationLandscapeRight";
				LD_RUNPATH_SEARCH_PATHS = (
					"$(inherited)",
					"@executable_path/Frameworks",
				);
				MARKETING_VERSION = 1.0;
				PRODUCT_BUNDLE_IDENTIFIER = code.with.hanh.PhotoMania;
				PRODUCT_NAME = "$(TARGET_NAME)";
				SWIFT_EMIT_LOC_STRINGS = YES;
				SWIFT_VERSION = 5.0;
				TARGETED_DEVICE_FAMILY = "1,2";
			};
			name = Debug;
		};
		FDD0FDAF297B30C80062328A /* Release */ = {
			isa = XCBuildConfiguration;
			buildSettings = {
				ASSETCATALOG_COMPILER_APPICON_NAME = AppIcon;
				ASSETCATALOG_COMPILER_GLOBAL_ACCENT_COLOR_NAME = AccentColor;
				CODE_SIGN_STYLE = Automatic;
				CURRENT_PROJECT_VERSION = 1;
				DEVELOPMENT_ASSET_PATHS = "\"PhotoMania/Preview Content\"";
				DEVELOPMENT_TEAM = 8F2485T5AY;
				ENABLE_PREVIEWS = YES;
				GENERATE_INFOPLIST_FILE = YES;
				INFOPLIST_KEY_UIApplicationSceneManifest_Generation = YES;
				INFOPLIST_KEY_UIApplicationSupportsIndirectInputEvents = YES;
				INFOPLIST_KEY_UILaunchScreen_Generation = YES;
				INFOPLIST_KEY_UISupportedInterfaceOrientations_iPad = "UIInterfaceOrientationPortrait UIInterfaceOrientationPortraitUpsideDown UIInterfaceOrientationLandscapeLeft UIInterfaceOrientationLandscapeRight";
				INFOPLIST_KEY_UISupportedInterfaceOrientations_iPhone = "UIInterfaceOrientationPortrait UIInterfaceOrientationLandscapeLeft UIInterfaceOrientationLandscapeRight";
				LD_RUNPATH_SEARCH_PATHS = (
					"$(inherited)",
					"@executable_path/Frameworks",
				);
				MARKETING_VERSION = 1.0;
				PRODUCT_BUNDLE_IDENTIFIER = code.with.hanh.PhotoMania;
				PRODUCT_NAME = "$(TARGET_NAME)";
				SWIFT_EMIT_LOC_STRINGS = YES;
				SWIFT_VERSION = 5.0;
				TARGETED_DEVICE_FAMILY = "1,2";
			};
			name = Release;
		};
		FDD0FDB1297B30C80062328A /* Debug */ = {
			isa = XCBuildConfiguration;
			buildSettings = {
				ALWAYS_EMBED_SWIFT_STANDARD_LIBRARIES = YES;
				BUNDLE_LOADER = "$(TEST_HOST)";
				CODE_SIGN_STYLE = Automatic;
				CURRENT_PROJECT_VERSION = 1;
				DEVELOPMENT_TEAM = 8F2485T5AY;
				GENERATE_INFOPLIST_FILE = YES;
				IPHONEOS_DEPLOYMENT_TARGET = 16.2;
				MARKETING_VERSION = 1.0;
				PRODUCT_BUNDLE_IDENTIFIER = code.with.hanh.PhotoManiaTests;
				PRODUCT_NAME = "$(TARGET_NAME)";
				SWIFT_EMIT_LOC_STRINGS = NO;
				SWIFT_VERSION = 5.0;
				TARGETED_DEVICE_FAMILY = "1,2";
				TEST_HOST = "$(BUILT_PRODUCTS_DIR)/PhotoMania.app/$(BUNDLE_EXECUTABLE_FOLDER_PATH)/PhotoMania";
			};
			name = Debug;
		};
		FDD0FDB2297B30C80062328A /* Release */ = {
			isa = XCBuildConfiguration;
			buildSettings = {
				ALWAYS_EMBED_SWIFT_STANDARD_LIBRARIES = YES;
				BUNDLE_LOADER = "$(TEST_HOST)";
				CODE_SIGN_STYLE = Automatic;
				CURRENT_PROJECT_VERSION = 1;
				DEVELOPMENT_TEAM = 8F2485T5AY;
				GENERATE_INFOPLIST_FILE = YES;
				IPHONEOS_DEPLOYMENT_TARGET = 16.2;
				MARKETING_VERSION = 1.0;
				PRODUCT_BUNDLE_IDENTIFIER = code.with.hanh.PhotoManiaTests;
				PRODUCT_NAME = "$(TARGET_NAME)";
				SWIFT_EMIT_LOC_STRINGS = NO;
				SWIFT_VERSION = 5.0;
				TARGETED_DEVICE_FAMILY = "1,2";
				TEST_HOST = "$(BUILT_PRODUCTS_DIR)/PhotoMania.app/$(BUNDLE_EXECUTABLE_FOLDER_PATH)/PhotoMania";
			};
			name = Release;
		};
		FDD0FDB4297B30C80062328A /* Debug */ = {
			isa = XCBuildConfiguration;
			buildSettings = {
				ALWAYS_EMBED_SWIFT_STANDARD_LIBRARIES = YES;
				CODE_SIGN_STYLE = Automatic;
				CURRENT_PROJECT_VERSION = 1;
				DEVELOPMENT_TEAM = 8F2485T5AY;
				GENERATE_INFOPLIST_FILE = YES;
				MARKETING_VERSION = 1.0;
				PRODUCT_BUNDLE_IDENTIFIER = code.with.hanh.PhotoManiaUITests;
				PRODUCT_NAME = "$(TARGET_NAME)";
				SWIFT_EMIT_LOC_STRINGS = NO;
				SWIFT_VERSION = 5.0;
				TARGETED_DEVICE_FAMILY = "1,2";
				TEST_TARGET_NAME = PhotoMania;
			};
			name = Debug;
		};
		FDD0FDB5297B30C80062328A /* Release */ = {
			isa = XCBuildConfiguration;
			buildSettings = {
				ALWAYS_EMBED_SWIFT_STANDARD_LIBRARIES = YES;
				CODE_SIGN_STYLE = Automatic;
				CURRENT_PROJECT_VERSION = 1;
				DEVELOPMENT_TEAM = 8F2485T5AY;
				GENERATE_INFOPLIST_FILE = YES;
				MARKETING_VERSION = 1.0;
				PRODUCT_BUNDLE_IDENTIFIER = code.with.hanh.PhotoManiaUITests;
				PRODUCT_NAME = "$(TARGET_NAME)";
				SWIFT_EMIT_LOC_STRINGS = NO;
				SWIFT_VERSION = 5.0;
				TARGETED_DEVICE_FAMILY = "1,2";
				TEST_TARGET_NAME = PhotoMania;
			};
			name = Release;
		};
/* End XCBuildConfiguration section */

/* Begin XCConfigurationList section */
		FDD0FD84297B30C60062328A /* Build configuration list for PBXProject "PhotoMania" */ = {
			isa = XCConfigurationList;
			buildConfigurations = (
				FDD0FDAB297B30C80062328A /* Debug */,
				FDD0FDAC297B30C80062328A /* Release */,
			);
			defaultConfigurationIsVisible = 0;
			defaultConfigurationName = Release;
		};
		FDD0FDAD297B30C80062328A /* Build configuration list for PBXNativeTarget "PhotoMania" */ = {
			isa = XCConfigurationList;
			buildConfigurations = (
				FDD0FDAE297B30C80062328A /* Debug */,
				FDD0FDAF297B30C80062328A /* Release */,
			);
			defaultConfigurationIsVisible = 0;
			defaultConfigurationName = Release;
		};
		FDD0FDB0297B30C80062328A /* Build configuration list for PBXNativeTarget "PhotoManiaTests" */ = {
			isa = XCConfigurationList;
			buildConfigurations = (
				FDD0FDB1297B30C80062328A /* Debug */,
				FDD0FDB2297B30C80062328A /* Release */,
			);
			defaultConfigurationIsVisible = 0;
			defaultConfigurationName = Release;
		};
		FDD0FDB3297B30C80062328A /* Build configuration list for PBXNativeTarget "PhotoManiaUITests" */ = {
			isa = XCConfigurationList;
			buildConfigurations = (
				FDD0FDB4297B30C80062328A /* Debug */,
				FDD0FDB5297B30C80062328A /* Release */,
			);
			defaultConfigurationIsVisible = 0;
			defaultConfigurationName = Release;
		};
/* End XCConfigurationList section */
	};
	rootObject = FDD0FD81297B30C60062328A /* Project object */;
}
